// !$*UTF8*$!
{
	archiveVersion = 1;
	classes = {
	};
	objectVersion = 50;
	objects = {

/* Begin PBXBuildFile section */
		D83B0A5723A8C51800059530 /* AppDelegate.swift in Sources */ = {isa = PBXBuildFile; fileRef = D83B0A5623A8C51800059530 /* AppDelegate.swift */; };
		D83B0A5923A8C51800059530 /* SceneDelegate.swift in Sources */ = {isa = PBXBuildFile; fileRef = D83B0A5823A8C51800059530 /* SceneDelegate.swift */; };
		D83B0A5B23A8C51800059530 /* ViewController.swift in Sources */ = {isa = PBXBuildFile; fileRef = D83B0A5A23A8C51800059530 /* ViewController.swift */; };
		D83B0A5E23A8C51800059530 /* Main.storyboard in Resources */ = {isa = PBXBuildFile; fileRef = D83B0A5C23A8C51800059530 /* Main.storyboard */; };
		D83B0A6023A8C51900059530 /* Assets.xcassets in Resources */ = {isa = PBXBuildFile; fileRef = D83B0A5F23A8C51900059530 /* Assets.xcassets */; };
		D83B0A6323A8C51900059530 /* LaunchScreen.storyboard in Resources */ = {isa = PBXBuildFile; fileRef = D83B0A6123A8C51900059530 /* LaunchScreen.storyboard */; };
		D83B0A6B23A8C55300059530 /* MultiPickerDialog.swift in Sources */ = {isa = PBXBuildFile; fileRef = D83B0A6A23A8C55300059530 /* MultiPickerDialog.swift */; };
/* End PBXBuildFile section */

/* Begin PBXFileReference section */
		D83B0A5323A8C51800059530 /* MultiPickerTest.app */ = {isa = PBXFileReference; explicitFileType = wrapper.application; includeInIndex = 0; path = MultiPickerTest.app; sourceTree = BUILT_PRODUCTS_DIR; };
		D83B0A5623A8C51800059530 /* AppDelegate.swift */ = {isa = PBXFileReference; lastKnownFileType = sourcecode.swift; path = AppDelegate.swift; sourceTree = "<group>"; };
		D83B0A5823A8C51800059530 /* SceneDelegate.swift */ = {isa = PBXFileReference; lastKnownFileType = sourcecode.swift; path = SceneDelegate.swift; sourceTree = "<group>"; };
		D83B0A5A23A8C51800059530 /* ViewController.swift */ = {isa = PBXFileReference; lastKnownFileType = sourcecode.swift; path = ViewController.swift; sourceTree = "<group>"; };
		D83B0A5D23A8C51800059530 /* Base */ = {isa = PBXFileReference; lastKnownFileType = file.storyboard; name = Base; path = Base.lproj/Main.storyboard; sourceTree = "<group>"; };
		D83B0A5F23A8C51900059530 /* Assets.xcassets */ = {isa = PBXFileReference; lastKnownFileType = folder.assetcatalog; path = Assets.xcassets; sourceTree = "<group>"; };
		D83B0A6223A8C51900059530 /* Base */ = {isa = PBXFileReference; lastKnownFileType = file.storyboard; name = Base; path = Base.lproj/LaunchScreen.storyboard; sourceTree = "<group>"; };
		D83B0A6423A8C51900059530 /* Info.plist */ = {isa = PBXFileReference; lastKnownFileType = text.plist.xml; path = Info.plist; sourceTree = "<group>"; };
		D83B0A6A23A8C55300059530 /* MultiPickerDialog.swift */ = {isa = PBXFileReference; fileEncoding = 4; lastKnownFileType = sourcecode.swift; name = MultiPickerDialog.swift; path = ../../../MultiPickerDialog.swift; sourceTree = "<group>"; };
/* End PBXFileReference section */

/* Begin PBXFrameworksBuildPhase section */
		D83B0A5023A8C51800059530 /* Frameworks */ = {
			isa = PBXFrameworksBuildPhase;
			buildActionMask = 2147483647;
			files = (
			);
			runOnlyForDeploymentPostprocessing = 0;
		};
/* End PBXFrameworksBuildPhase section */

/* Begin PBXGroup section */
		D83B0A4A23A8C51800059530 = {
			isa = PBXGroup;
			children = (
				D83B0A5523A8C51800059530 /* MultiPickerTest */,
				D83B0A5423A8C51800059530 /* Products */,
			);
			sourceTree = "<group>";
		};
		D83B0A5423A8C51800059530 /* Products */ = {
			isa = PBXGroup;
			children = (
				D83B0A5323A8C51800059530 /* MultiPickerTest.app */,
			);
			name = Products;
			sourceTree = "<group>";
		};
		D83B0A5523A8C51800059530 /* MultiPickerTest */ = {
			isa = PBXGroup;
			children = (
				D83B0A6A23A8C55300059530 /* MultiPickerDialog.swift */,
				D83B0A5623A8C51800059530 /* AppDelegate.swift */,
				D83B0A5823A8C51800059530 /* SceneDelegate.swift */,
				D83B0A5A23A8C51800059530 /* ViewController.swift */,
				D83B0A5C23A8C51800059530 /* Main.storyboard */,
				D83B0A5F23A8C51900059530 /* Assets.xcassets */,
				D83B0A6123A8C51900059530 /* LaunchScreen.storyboard */,
				D83B0A6423A8C51900059530 /* Info.plist */,
			);
			path = MultiPickerTest;
			sourceTree = "<group>";
		};
/* End PBXGroup section */

/* Begin PBXNativeTarget section */
		D83B0A5223A8C51800059530 /* MultiPickerTest */ = {
			isa = PBXNativeTarget;
			buildConfigurationList = D83B0A6723A8C51900059530 /* Build configuration list for PBXNativeTarget "MultiPickerTest" */;
			buildPhases = (
				D83B0A4F23A8C51800059530 /* Sources */,
				D83B0A5023A8C51800059530 /* Frameworks */,
				D83B0A5123A8C51800059530 /* Resources */,
			);
			buildRules = (
			);
			dependencies = (
			);
			name = MultiPickerTest;
			productName = MultiPickerTest;
			productReference = D83B0A5323A8C51800059530 /* MultiPickerTest.app */;
			productType = "com.apple.product-type.application";
		};
/* End PBXNativeTarget section */

/* Begin PBXProject section */
		D83B0A4B23A8C51800059530 /* Project object */ = {
			isa = PBXProject;
			attributes = {
				LastSwiftUpdateCheck = 1120;
				LastUpgradeCheck = 1120;
				ORGANIZATIONNAME = Badi3;
				TargetAttributes = {
					D83B0A5223A8C51800059530 = {
						CreatedOnToolsVersion = 11.2.1;
					};
				};
			};
			buildConfigurationList = D83B0A4E23A8C51800059530 /* Build configuration list for PBXProject "MultiPickerTest" */;
			compatibilityVersion = "Xcode 9.3";
			developmentRegion = en;
			hasScannedForEncodings = 0;
			knownRegions = (
				en,
				Base,
			);
			mainGroup = D83B0A4A23A8C51800059530;
			productRefGroup = D83B0A5423A8C51800059530 /* Products */;
			projectDirPath = "";
			projectRoot = "";
			targets = (
				D83B0A5223A8C51800059530 /* MultiPickerTest */,
			);
		};
/* End PBXProject section */

/* Begin PBXResourcesBuildPhase section */
		D83B0A5123A8C51800059530 /* Resources */ = {
			isa = PBXResourcesBuildPhase;
			buildActionMask = 2147483647;
			files = (
				D83B0A6323A8C51900059530 /* LaunchScreen.storyboard in Resources */,
				D83B0A6023A8C51900059530 /* Assets.xcassets in Resources */,
				D83B0A5E23A8C51800059530 /* Main.storyboard in Resources */,
			);
			runOnlyForDeploymentPostprocessing = 0;
		};
/* End PBXResourcesBuildPhase section */

/* Begin PBXSourcesBuildPhase section */
		D83B0A4F23A8C51800059530 /* Sources */ = {
			isa = PBXSourcesBuildPhase;
			buildActionMask = 2147483647;
			files = (
				D83B0A5B23A8C51800059530 /* ViewController.swift in Sources */,
				D83B0A5723A8C51800059530 /* AppDelegate.swift in Sources */,
				D83B0A5923A8C51800059530 /* SceneDelegate.swift in Sources */,
				D83B0A6B23A8C55300059530 /* MultiPickerDialog.swift in Sources */,
			);
			runOnlyForDeploymentPostprocessing = 0;
		};
/* End PBXSourcesBuildPhase section */

/* Begin PBXVariantGroup section */
		D83B0A5C23A8C51800059530 /* Main.storyboard */ = {
			isa = PBXVariantGroup;
			children = (
				D83B0A5D23A8C51800059530 /* Base */,
			);
			name = Main.storyboard;
			sourceTree = "<group>";
		};
		D83B0A6123A8C51900059530 /* LaunchScreen.storyboard */ = {
			isa = PBXVariantGroup;
			children = (
				D83B0A6223A8C51900059530 /* Base */,
			);
			name = LaunchScreen.storyboard;
			sourceTree = "<group>";
		};
/* End PBXVariantGroup section */

/* Begin XCBuildConfiguration section */
		D83B0A6523A8C51900059530 /* Debug */ = {
			isa = XCBuildConfiguration;
			buildSettings = {
				ALWAYS_SEARCH_USER_PATHS = NO;
				CLANG_ANALYZER_NONNULL = YES;
				CLANG_ANALYZER_NUMBER_OBJECT_CONVERSION = YES_AGGRESSIVE;
				CLANG_CXX_LANGUAGE_STANDARD = "gnu++14";
				CLANG_CXX_LIBRARY = "libc++";
				CLANG_ENABLE_MODULES = YES;
				CLANG_ENABLE_OBJC_ARC = YES;
				CLANG_ENABLE_OBJC_WEAK = YES;
				CLANG_WARN_BLOCK_CAPTURE_AUTORELEASING = YES;
				CLANG_WARN_BOOL_CONVERSION = YES;
				CLANG_WARN_COMMA = YES;
				CLANG_WARN_CONSTANT_CONVERSION = YES;
				CLANG_WARN_DEPRECATED_OBJC_IMPLEMENTATIONS = YES;
				CLANG_WARN_DIRECT_OBJC_ISA_USAGE = YES_ERROR;
				CLANG_WARN_DOCUMENTATION_COMMENTS = YES;
				CLANG_WARN_EMPTY_BODY = YES;
				CLANG_WARN_ENUM_CONVERSION = YES;
				CLANG_WARN_INFINITE_RECURSION = YES;
				CLANG_WARN_INT_CONVERSION = YES;
				CLANG_WARN_NON_LITERAL_NULL_CONVERSION = YES;
				CLANG_WARN_OBJC_IMPLICIT_RETAIN_SELF = YES;
				CLANG_WARN_OBJC_LITERAL_CONVERSION = YES;
				CLANG_WARN_OBJC_ROOT_CLASS = YES_ERROR;
				CLANG_WARN_RANGE_LOOP_ANALYSIS = YES;
				CLANG_WARN_STRICT_PROTOTYPES = YES;
				CLANG_WARN_SUSPICIOUS_MOVE = YES;
				CLANG_WARN_UNGUARDED_AVAILABILITY = YES_AGGRESSIVE;
				CLANG_WARN_UNREACHABLE_CODE = YES;
				CLANG_WARN__DUPLICATE_METHOD_MATCH = YES;
				COPY_PHASE_STRIP = NO;
				DEBUG_INFORMATION_FORMAT = dwarf;
				ENABLE_STRICT_OBJC_MSGSEND = YES;
				ENABLE_TESTABILITY = YES;
				GCC_C_LANGUAGE_STANDARD = gnu11;
				GCC_DYNAMIC_NO_PIC = NO;
				GCC_NO_COMMON_BLOCKS = YES;
				GCC_OPTIMIZATION_LEVEL = 0;
				GCC_PREPROCESSOR_DEFINITIONS = (
					"DEBUG=1",
					"$(inherited)",
				);
				GCC_WARN_64_TO_32_BIT_CONVERSION = YES;
				GCC_WARN_ABOUT_RETURN_TYPE = YES_ERROR;
				GCC_WARN_UNDECLARED_SELECTOR = YES;
				GCC_WARN_UNINITIALIZED_AUTOS = YES_AGGRESSIVE;
				GCC_WARN_UNUSED_FUNCTION = YES;
				GCC_WARN_UNUSED_VARIABLE = YES;
				IPHONEOS_DEPLOYMENT_TARGET = 13.2;
				MTL_ENABLE_DEBUG_INFO = INCLUDE_SOURCE;
				MTL_FAST_MATH = YES;
				ONLY_ACTIVE_ARCH = YES;
				SDKROOT = iphoneos;
				SWIFT_ACTIVE_COMPILATION_CONDITIONS = DEBUG;
				SWIFT_OPTIMIZATION_LEVEL = "-Onone";
			};
			name = Debug;
		};
		D83B0A6623A8C51900059530 /* Release */ = {
			isa = XCBuildConfiguration;
			buildSettings = {
				ALWAYS_SEARCH_USER_PATHS = NO;
				CLANG_ANALYZER_NONNULL = YES;
				CLANG_ANALYZER_NUMBER_OBJECT_CONVERSION = YES_AGGRESSIVE;
				CLANG_CXX_LANGUAGE_STANDARD = "gnu++14";
				CLANG_CXX_LIBRARY = "libc++";
				CLANG_ENABLE_MODULES = YES;
				CLANG_ENABLE_OBJC_ARC = YES;
				CLANG_ENABLE_OBJC_WEAK = YES;
				CLANG_WARN_BLOCK_CAPTURE_AUTORELEASING = YES;
				CLANG_WARN_BOOL_CONVERSION = YES;
				CLANG_WARN_COMMA = YES;
				CLANG_WARN_CONSTANT_CONVERSION = YES;
				CLANG_WARN_DEPRECATED_OBJC_IMPLEMENTATIONS = YES;
				CLANG_WARN_DIRECT_OBJC_ISA_USAGE = YES_ERROR;
				CLANG_WARN_DOCUMENTATION_COMMENTS = YES;
				CLANG_WARN_EMPTY_BODY = YES;
				CLANG_WARN_ENUM_CONVERSION = YES;
				CLANG_WARN_INFINITE_RECURSION = YES;
				CLANG_WARN_INT_CONVERSION = YES;
				CLANG_WARN_NON_LITERAL_NULL_CONVERSION = YES;
				CLANG_WARN_OBJC_IMPLICIT_RETAIN_SELF = YES;
				CLANG_WARN_OBJC_LITERAL_CONVERSION = YES;
				CLANG_WARN_OBJC_ROOT_CLASS = YES_ERROR;
				CLANG_WARN_RANGE_LOOP_ANALYSIS = YES;
				CLANG_WARN_STRICT_PROTOTYPES = YES;
				CLANG_WARN_SUSPICIOUS_MOVE = YES;
				CLANG_WARN_UNGUARDED_AVAILABILITY = YES_AGGRESSIVE;
				CLANG_WARN_UNREACHABLE_CODE = YES;
				CLANG_WARN__DUPLICATE_METHOD_MATCH = YES;
				COPY_PHASE_STRIP = NO;
				DEBUG_INFORMATION_FORMAT = "dwarf-with-dsym";
				ENABLE_NS_ASSERTIONS = NO;
				ENABLE_STRICT_OBJC_MSGSEND = YES;
				GCC_C_LANGUAGE_STANDARD = gnu11;
				GCC_NO_COMMON_BLOCKS = YES;
				GCC_WARN_64_TO_32_BIT_CONVERSION = YES;
				GCC_WARN_ABOUT_RETURN_TYPE = YES_ERROR;
				GCC_WARN_UNDECLARED_SELECTOR = YES;
				GCC_WARN_UNINITIALIZED_AUTOS = YES_AGGRESSIVE;
				GCC_WARN_UNUSED_FUNCTION = YES;
				GCC_WARN_UNUSED_VARIABLE = YES;
				IPHONEOS_DEPLOYMENT_TARGET = 13.2;
				MTL_ENABLE_DEBUG_INFO = NO;
				MTL_FAST_MATH = YES;
				SDKROOT = iphoneos;
				SWIFT_COMPILATION_MODE = wholemodule;
				SWIFT_OPTIMIZATION_LEVEL = "-O";
				VALIDATE_PRODUCT = YES;
			};
			name = Release;
		};
		D83B0A6823A8C51900059530 /* Debug */ = {
			isa = XCBuildConfiguration;
			buildSettings = {
				ASSETCATALOG_COMPILER_APPICON_NAME = AppIcon;
				CODE_SIGN_STYLE = Automatic;
				DEVELOPMENT_TEAM = KEYC53CXGS;
				INFOPLIST_FILE = MultiPickerTest/Info.plist;
				LD_RUNPATH_SEARCH_PATHS = (
					"$(inherited)",
					"@executable_path/Frameworks",
				);
				PRODUCT_BUNDLE_IDENTIFIER = com.badi3.MultiPickerTest;
				PRODUCT_NAME = "$(TARGET_NAME)";
				SWIFT_VERSION = 5.0;
				TARGETED_DEVICE_FAMILY = "1,2";
			};
			name = Debug;
		};
		D83B0A6923A8C51900059530 /* Release */ = {
			isa = XCBuildConfiguration;
			buildSettings = {
				ASSETCATALOG_COMPILER_APPICON_NAME = AppIcon;
				CODE_SIGN_STYLE = Automatic;
				DEVELOPMENT_TEAM = KEYC53CXGS;
				INFOPLIST_FILE = MultiPickerTest/Info.plist;
				LD_RUNPATH_SEARCH_PATHS = (
					"$(inherited)",
					"@executable_path/Frameworks",
				);
				PRODUCT_BUNDLE_IDENTIFIER = com.badi3.MultiPickerTest;
				PRODUCT_NAME = "$(TARGET_NAME)";
				SWIFT_VERSION = 5.0;
				TARGETED_DEVICE_FAMILY = "1,2";
			};
			name = Release;
		};
/* End XCBuildConfiguration section */

/* Begin XCConfigurationList section */
		D83B0A4E23A8C51800059530 /* Build configuration list for PBXProject "MultiPickerTest" */ = {
			isa = XCConfigurationList;
			buildConfigurations = (
				D83B0A6523A8C51900059530 /* Debug */,
				D83B0A6623A8C51900059530 /* Release */,
			);
			defaultConfigurationIsVisible = 0;
			defaultConfigurationName = Release;
		};
		D83B0A6723A8C51900059530 /* Build configuration list for PBXNativeTarget "MultiPickerTest" */ = {
			isa = XCConfigurationList;
			buildConfigurations = (
				D83B0A6823A8C51900059530 /* Debug */,
				D83B0A6923A8C51900059530 /* Release */,
			);
			defaultConfigurationIsVisible = 0;
			defaultConfigurationName = Release;
		};
/* End XCConfigurationList section */
	};
	rootObject = D83B0A4B23A8C51800059530 /* Project object */;
}
